
Microsoft Visual Studio Solution File, Format Version 12.00
# Visual Studio Version 17
VisualStudioVersion = 17.8.34322.80
MinimumVisualStudioVersion = 10.0.40219.1
Project("{FAE04EC0-301F-11D3-BF4B-00C04F79EFBC}") = "OutbornE-commerce", "OutbornE-commerce\OutbornE-commerce.csproj", "{182C6FEA-D7B3-4F1D-8599-85655B187F8F}"
EndProject
Project("{FAE04EC0-301F-11D3-BF4B-00C04F79EFBC}") = "OutbornE-commerce.BAL", "OutbornE-commerce.BAL\OutbornE-commerce.BAL.csproj", "{54625CC2-722B-4256-8D54-B4AE393E30C2}"
EndProject
Project("{FAE04EC0-301F-11D3-BF4B-00C04F79EFBC}") = "OutbornE-commerce.DAL", "OutbornE-commerce.DAL\OutbornE-commerce.DAL.csproj", "{D31DC45D-E3D3-49AD-9733-3243908380ED}"
EndProject
Global
	GlobalSection(SolutionConfigurationPlatforms) = preSolution
		Debug|Any CPU = Debug|Any CPU
		Release|Any CPU = Release|Any CPU
	EndGlobalSection
	GlobalSection(ProjectConfigurationPlatforms) = postSolution
		{182C6FEA-D7B3-4F1D-8599-85655B187F8F}.Debug|Any CPU.ActiveCfg = Debug|Any CPU
		{182C6FEA-D7B3-4F1D-8599-85655B187F8F}.Debug|Any CPU.Build.0 = Debug|Any CPU
		{182C6FEA-D7B3-4F1D-8599-85655B187F8F}.Release|Any CPU.ActiveCfg = Release|Any CPU
		{182C6FEA-D7B3-4F1D-8599-85655B187F8F}.Release|Any CPU.Build.0 = Release|Any CPU
		{54625CC2-722B-4256-8D54-B4AE393E30C2}.Debug|Any CPU.ActiveCfg = Debug|Any CPU
		{54625CC2-722B-4256-8D54-B4AE393E30C2}.Debug|Any CPU.Build.0 = Debug|Any CPU
		{54625CC2-722B-4256-8D54-B4AE393E30C2}.Release|Any CPU.ActiveCfg = Release|Any CPU
		{54625CC2-722B-4256-8D54-B4AE393E30C2}.Release|Any CPU.Build.0 = Release|Any CPU
		{D31DC45D-E3D3-49AD-9733-3243908380ED}.Debug|Any CPU.ActiveCfg = Debug|Any CPU
		{D31DC45D-E3D3-49AD-9733-3243908380ED}.Debug|Any CPU.Build.0 = Debug|Any CPU
		{D31DC45D-E3D3-49AD-9733-3243908380ED}.Release|Any CPU.ActiveCfg = Release|Any CPU
		{D31DC45D-E3D3-49AD-9733-3243908380ED}.Release|Any CPU.Build.0 = Release|Any CPU
	EndGlobalSection
	GlobalSection(SolutionProperties) = preSolution
		HideSolutionNode = FALSE
	EndGlobalSection
	GlobalSection(ExtensibilityGlobals) = postSolution
		SolutionGuid = {5E61F845-AE48-4C47-84D9-C5938C64A29A}
	EndGlobalSection
EndGlobal
